
Microsoft Visual Studio Solution File, Format Version 12.00
# Visual Studio Version 16
VisualStudioVersion = 25.0.1700.7
MinimumVisualStudioVersion = 10.0.40219.1
Project("{FAE04EC0-301F-11D3-BF4B-00C04F79EFBC}") = "Crosslang.Worker.Notification", "Crosslang.Worker.Notification.csproj", "{6A43B505-D810-4C38-8BC8-46B4D6FD3F8F}"
EndProject
Project("{FAE04EC0-301F-11D3-BF4B-00C04F79EFBC}") = "CrossLang.DBHelper", "..\..\CrossLang.DBHelper\CrossLang.DBHelper.csproj", "{0E2A4A4E-8DBB-4711-B24A-1D537EAA7685}"
EndProject
Project("{FAE04EC0-301F-11D3-BF4B-00C04F79EFBC}") = "CrossLang.QueueHelper", "..\..\CrossLang.QueueHelper\CrossLang.QueueHelper.csproj", "{D00888E6-B359-4928-A1BF-0A274E4771B2}"
EndProject
Project("{FAE04EC0-301F-11D3-BF4B-00C04F79EFBC}") = "CrossLang.Library", "..\..\CrossLang.Library\CrossLang.Library.csproj", "{C4135E57-B9B1-4FEB-8D8B-0BC8EA788310}"
EndProject
Project("{FAE04EC0-301F-11D3-BF4B-00C04F79EFBC}") = "CrossLang.Authentication", "..\..\CrossLang.Authentication\CrossLang.Authentication.csproj", "{A946CF59-A0E7-422F-9747-EAC82F1887AA}"
EndProject
Project("{FAE04EC0-301F-11D3-BF4B-00C04F79EFBC}") = "CrossLang.Models", "..\..\CrossLang.Models\CrossLang.Models.csproj", "{1795E33F-81E2-4422-AD0F-FAD9E9A7F536}"
EndProject
Global
	GlobalSection(SolutionConfigurationPlatforms) = preSolution
		Debug|Any CPU = Debug|Any CPU
		Release|Any CPU = Release|Any CPU
	EndGlobalSection
	GlobalSection(ProjectConfigurationPlatforms) = postSolution
		{6A43B505-D810-4C38-8BC8-46B4D6FD3F8F}.Debug|Any CPU.ActiveCfg = Debug|Any CPU
		{6A43B505-D810-4C38-8BC8-46B4D6FD3F8F}.Debug|Any CPU.Build.0 = Debug|Any CPU
		{6A43B505-D810-4C38-8BC8-46B4D6FD3F8F}.Release|Any CPU.ActiveCfg = Release|Any CPU
		{6A43B505-D810-4C38-8BC8-46B4D6FD3F8F}.Release|Any CPU.Build.0 = Release|Any CPU
		{0E2A4A4E-8DBB-4711-B24A-1D537EAA7685}.Debug|Any CPU.ActiveCfg = Debug|Any CPU
		{0E2A4A4E-8DBB-4711-B24A-1D537EAA7685}.Debug|Any CPU.Build.0 = Debug|Any CPU
		{0E2A4A4E-8DBB-4711-B24A-1D537EAA7685}.Release|Any CPU.ActiveCfg = Release|Any CPU
		{0E2A4A4E-8DBB-4711-B24A-1D537EAA7685}.Release|Any CPU.Build.0 = Release|Any CPU
		{D00888E6-B359-4928-A1BF-0A274E4771B2}.Debug|Any CPU.ActiveCfg = Debug|Any CPU
		{D00888E6-B359-4928-A1BF-0A274E4771B2}.Debug|Any CPU.Build.0 = Debug|Any CPU
		{D00888E6-B359-4928-A1BF-0A274E4771B2}.Release|Any CPU.ActiveCfg = Release|Any CPU
		{D00888E6-B359-4928-A1BF-0A274E4771B2}.Release|Any CPU.Build.0 = Release|Any CPU
		{C4135E57-B9B1-4FEB-8D8B-0BC8EA788310}.Debug|Any CPU.ActiveCfg = Debug|Any CPU
		{C4135E57-B9B1-4FEB-8D8B-0BC8EA788310}.Debug|Any CPU.Build.0 = Debug|Any CPU
		{C4135E57-B9B1-4FEB-8D8B-0BC8EA788310}.Release|Any CPU.ActiveCfg = Release|Any CPU
		{C4135E57-B9B1-4FEB-8D8B-0BC8EA788310}.Release|Any CPU.Build.0 = Release|Any CPU
		{A946CF59-A0E7-422F-9747-EAC82F1887AA}.Debug|Any CPU.ActiveCfg = Debug|Any CPU
		{A946CF59-A0E7-422F-9747-EAC82F1887AA}.Debug|Any CPU.Build.0 = Debug|Any CPU
		{A946CF59-A0E7-422F-9747-EAC82F1887AA}.Release|Any CPU.ActiveCfg = Release|Any CPU
		{A946CF59-A0E7-422F-9747-EAC82F1887AA}.Release|Any CPU.Build.0 = Release|Any CPU
		{1795E33F-81E2-4422-AD0F-FAD9E9A7F536}.Debug|Any CPU.ActiveCfg = Debug|Any CPU
		{1795E33F-81E2-4422-AD0F-FAD9E9A7F536}.Debug|Any CPU.Build.0 = Debug|Any CPU
		{1795E33F-81E2-4422-AD0F-FAD9E9A7F536}.Release|Any CPU.ActiveCfg = Release|Any CPU
		{1795E33F-81E2-4422-AD0F-FAD9E9A7F536}.Release|Any CPU.Build.0 = Release|Any CPU
	EndGlobalSection
	GlobalSection(SolutionProperties) = preSolution
		HideSolutionNode = FALSE
	EndGlobalSection
	GlobalSection(ExtensibilityGlobals) = postSolution
		SolutionGuid = {C639C60E-D41A-4C0F-B4D5-31AB917FE1CF}
	EndGlobalSection
EndGlobal
